
Microsoft Visual Studio Solution File, Format Version 12.00
# Visual Studio 2013
VisualStudioVersion = 12.0.30723.0
MinimumVisualStudioVersion = 10.0.40219.1
Project("{2150E333-8FDC-42A3-9474-1A3956D46DE8}") = "Paradox.Console", "Paradox.Console", "{FE8F27AB-FA5A-4571-959D-C534A68CA402}"
	ProjectSection(SiliconStudioPackage) = preProject
		Samples/Paradox.Console.pdxpkg = Samples/Paradox.Console.pdxpkg
	EndProjectSection
EndProject
Project("{FAE04EC0-301F-11D3-BF4B-00C04F79EFBC}") = "Paradox.Console.Sample.Windows", "Samples\Paradox.Console.Sample.Windows\Paradox.Console.Sample.Windows.csproj", "{C6159437-FCEE-4BF7-9B30-9C8A766DCA54}"
EndProject
Project("{FAE04EC0-301F-11D3-BF4B-00C04F79EFBC}") = "Paradox.Console.Sample.Game", "Samples\Paradox.Console.Sample.Game\Paradox.Console.Sample.Game.csproj", "{DDF725A7-6BB1-453F-ADCF-95543E368DEC}"
EndProject
Project("{FAE04EC0-301F-11D3-BF4B-00C04F79EFBC}") = "Paradox.Console", "Paradox.Console\Paradox.Console.csproj", "{A9F5F139-3DD2-4BA3-8FB9-60C9C1E300BD}"
EndProject
Project("{2150E333-8FDC-42A3-9474-1A3956D46DE8}") = "Samples", "Samples", "{6B6BA0E8-9F1E-4527-83AA-5909A0E75029}"
EndProject
Project("{FAE04EC0-301F-11D3-BF4B-00C04F79EFBC}") = "Paradox.Console.PythonInterpreter", "Interpreters\Paradox.Console.PythonInterpreter\Paradox.Console.PythonInterpreter.csproj", "{8AFDC539-5AE3-4245-82E0-5A1238017138}"
EndProject
Project("{2150E333-8FDC-42A3-9474-1A3956D46DE8}") = "Interpreters", "Interpreters", "{7A20110D-A74F-4190-9D3B-7CA3A6793C14}"
EndProject
Project("{FAE04EC0-301F-11D3-BF4B-00C04F79EFBC}") = "Paradox.Console.CustomInterpreter", "Interpreters\Paradox.Console.CustomInterpreter\Paradox.Console.CustomInterpreter.csproj", "{FD6255D0-61CF-4350-B453-8A37376EBCC1}"
EndProject
Project("{FAE04EC0-301F-11D3-BF4B-00C04F79EFBC}") = "Paradox.Console.Sample.WindowsStore", "Samples\Paradox.Console.Sample.WindowsStore\Paradox.Console.Sample.WindowsStore.csproj", "{23CD737B-3720-4830-AE09-3752EE751F97}"
EndProject
Global
	GlobalSection(SolutionConfigurationPlatforms) = preSolution
		AppStore|Android = AppStore|Android
		AppStore|Any CPU = AppStore|Any CPU
		AppStore|iPhone = AppStore|iPhone
		AppStore|iPhoneSimulator = AppStore|iPhoneSimulator
		AppStore|Mixed Platforms = AppStore|Mixed Platforms
		AppStore|Windows = AppStore|Windows
		AppStore|WindowsPhone = AppStore|WindowsPhone
		AppStore|WindowsStore = AppStore|WindowsStore
		AppStore|WindowsStore-ARM = AppStore|WindowsStore-ARM
		AppStore|WindowsStore-x64 = AppStore|WindowsStore-x64
		AppStore|WindowsStore-x86 = AppStore|WindowsStore-x86
		Debug|Android = Debug|Android
		Debug|Any CPU = Debug|Any CPU
		Debug|iPhone = Debug|iPhone
		Debug|iPhoneSimulator = Debug|iPhoneSimulator
		Debug|Mixed Platforms = Debug|Mixed Platforms
		Debug|Windows = Debug|Windows
		Debug|WindowsPhone = Debug|WindowsPhone
		Debug|WindowsStore = Debug|WindowsStore
		Debug|WindowsStore-ARM = Debug|WindowsStore-ARM
		Debug|WindowsStore-x64 = Debug|WindowsStore-x64
		Debug|WindowsStore-x86 = Debug|WindowsStore-x86
		Release|Android = Release|Android
		Release|Any CPU = Release|Any CPU
		Release|iPhone = Release|iPhone
		Release|iPhoneSimulator = Release|iPhoneSimulator
		Release|Mixed Platforms = Release|Mixed Platforms
		Release|Windows = Release|Windows
		Release|WindowsPhone = Release|WindowsPhone
		Release|WindowsStore = Release|WindowsStore
		Release|WindowsStore-ARM = Release|WindowsStore-ARM
		Release|WindowsStore-x64 = Release|WindowsStore-x64
		Release|WindowsStore-x86 = Release|WindowsStore-x86
		Testing|Android = Testing|Android
		Testing|Any CPU = Testing|Any CPU
		Testing|iPhone = Testing|iPhone
		Testing|iPhoneSimulator = Testing|iPhoneSimulator
		Testing|Mixed Platforms = Testing|Mixed Platforms
		Testing|Windows = Testing|Windows
		Testing|WindowsPhone = Testing|WindowsPhone
		Testing|WindowsStore = Testing|WindowsStore
		Testing|WindowsStore-ARM = Testing|WindowsStore-ARM
		Testing|WindowsStore-x64 = Testing|WindowsStore-x64
		Testing|WindowsStore-x86 = Testing|WindowsStore-x86
	EndGlobalSection
	GlobalSection(ProjectConfigurationPlatforms) = postSolution
		{C6159437-FCEE-4BF7-9B30-9C8A766DCA54}.AppStore|Android.ActiveCfg = AppStore|Any CPU
		{C6159437-FCEE-4BF7-9B30-9C8A766DCA54}.AppStore|Any CPU.ActiveCfg = AppStore|Any CPU
		{C6159437-FCEE-4BF7-9B30-9C8A766DCA54}.AppStore|Any CPU.Build.0 = AppStore|Any CPU
		{C6159437-FCEE-4BF7-9B30-9C8A766DCA54}.AppStore|Any CPU.Deploy.0 = AppStore|Any CPU
		{C6159437-FCEE-4BF7-9B30-9C8A766DCA54}.AppStore|iPhone.ActiveCfg = AppStore|Any CPU
		{C6159437-FCEE-4BF7-9B30-9C8A766DCA54}.AppStore|iPhoneSimulator.ActiveCfg = AppStore|Any CPU
		{C6159437-FCEE-4BF7-9B30-9C8A766DCA54}.AppStore|Mixed Platforms.ActiveCfg = AppStore|Any CPU
		{C6159437-FCEE-4BF7-9B30-9C8A766DCA54}.AppStore|Mixed Platforms.Build.0 = AppStore|Any CPU
		{C6159437-FCEE-4BF7-9B30-9C8A766DCA54}.AppStore|Mixed Platforms.Deploy.0 = AppStore|Any CPU
		{C6159437-FCEE-4BF7-9B30-9C8A766DCA54}.AppStore|Windows.ActiveCfg = AppStore|Any CPU
		{C6159437-FCEE-4BF7-9B30-9C8A766DCA54}.AppStore|Windows.Build.0 = AppStore|Any CPU
		{C6159437-FCEE-4BF7-9B30-9C8A766DCA54}.AppStore|Windows.Deploy.0 = AppStore|Any CPU
		{C6159437-FCEE-4BF7-9B30-9C8A766DCA54}.AppStore|WindowsPhone.ActiveCfg = AppStore|Any CPU
		{C6159437-FCEE-4BF7-9B30-9C8A766DCA54}.AppStore|WindowsStore.ActiveCfg = AppStore|Any CPU
		{C6159437-FCEE-4BF7-9B30-9C8A766DCA54}.AppStore|WindowsStore-ARM.ActiveCfg = AppStore|Any CPU
		{C6159437-FCEE-4BF7-9B30-9C8A766DCA54}.AppStore|WindowsStore-x64.ActiveCfg = AppStore|Any CPU
		{C6159437-FCEE-4BF7-9B30-9C8A766DCA54}.AppStore|WindowsStore-x86.ActiveCfg = AppStore|Any CPU
		{C6159437-FCEE-4BF7-9B30-9C8A766DCA54}.Debug|Android.ActiveCfg = Debug|Any CPU
		{C6159437-FCEE-4BF7-9B30-9C8A766DCA54}.Debug|Any CPU.ActiveCfg = Debug|Any CPU
		{C6159437-FCEE-4BF7-9B30-9C8A766DCA54}.Debug|Any CPU.Build.0 = Debug|Any CPU
		{C6159437-FCEE-4BF7-9B30-9C8A766DCA54}.Debug|Any CPU.Deploy.0 = Debug|Any CPU
		{C6159437-FCEE-4BF7-9B30-9C8A766DCA54}.Debug|iPhone.ActiveCfg = Debug|Any CPU
		{C6159437-FCEE-4BF7-9B30-9C8A766DCA54}.Debug|iPhoneSimulator.ActiveCfg = Debug|Any CPU
		{C6159437-FCEE-4BF7-9B30-9C8A766DCA54}.Debug|Mixed Platforms.ActiveCfg = Debug|Any CPU
		{C6159437-FCEE-4BF7-9B30-9C8A766DCA54}.Debug|Mixed Platforms.Build.0 = Debug|Any CPU
		{C6159437-FCEE-4BF7-9B30-9C8A766DCA54}.Debug|Mixed Platforms.Deploy.0 = Debug|Any CPU
		{C6159437-FCEE-4BF7-9B30-9C8A766DCA54}.Debug|Windows.ActiveCfg = Debug|Any CPU
		{C6159437-FCEE-4BF7-9B30-9C8A766DCA54}.Debug|Windows.Build.0 = Debug|Any CPU
		{C6159437-FCEE-4BF7-9B30-9C8A766DCA54}.Debug|Windows.Deploy.0 = Debug|Any CPU
		{C6159437-FCEE-4BF7-9B30-9C8A766DCA54}.Debug|WindowsPhone.ActiveCfg = Debug|Any CPU
		{C6159437-FCEE-4BF7-9B30-9C8A766DCA54}.Debug|WindowsStore.ActiveCfg = Debug|Any CPU
		{C6159437-FCEE-4BF7-9B30-9C8A766DCA54}.Debug|WindowsStore-ARM.ActiveCfg = Debug|Any CPU
		{C6159437-FCEE-4BF7-9B30-9C8A766DCA54}.Debug|WindowsStore-x64.ActiveCfg = Debug|Any CPU
		{C6159437-FCEE-4BF7-9B30-9C8A766DCA54}.Debug|WindowsStore-x86.ActiveCfg = Debug|Any CPU
		{C6159437-FCEE-4BF7-9B30-9C8A766DCA54}.Release|Android.ActiveCfg = Release|Any CPU
		{C6159437-FCEE-4BF7-9B30-9C8A766DCA54}.Release|Any CPU.ActiveCfg = Release|Any CPU
		{C6159437-FCEE-4BF7-9B30-9C8A766DCA54}.Release|Any CPU.Build.0 = Release|Any CPU
		{C6159437-FCEE-4BF7-9B30-9C8A766DCA54}.Release|Any CPU.Deploy.0 = Release|Any CPU
		{C6159437-FCEE-4BF7-9B30-9C8A766DCA54}.Release|iPhone.ActiveCfg = Release|Any CPU
		{C6159437-FCEE-4BF7-9B30-9C8A766DCA54}.Release|iPhoneSimulator.ActiveCfg = Release|Any CPU
		{C6159437-FCEE-4BF7-9B30-9C8A766DCA54}.Release|Mixed Platforms.ActiveCfg = Release|Any CPU
		{C6159437-FCEE-4BF7-9B30-9C8A766DCA54}.Release|Mixed Platforms.Build.0 = Release|Any CPU
		{C6159437-FCEE-4BF7-9B30-9C8A766DCA54}.Release|Mixed Platforms.Deploy.0 = Release|Any CPU
		{C6159437-FCEE-4BF7-9B30-9C8A766DCA54}.Release|Windows.ActiveCfg = Release|Any CPU
		{C6159437-FCEE-4BF7-9B30-9C8A766DCA54}.Release|Windows.Build.0 = Release|Any CPU
		{C6159437-FCEE-4BF7-9B30-9C8A766DCA54}.Release|Windows.Deploy.0 = Release|Any CPU
		{C6159437-FCEE-4BF7-9B30-9C8A766DCA54}.Release|WindowsPhone.ActiveCfg = Release|Any CPU
		{C6159437-FCEE-4BF7-9B30-9C8A766DCA54}.Release|WindowsStore.ActiveCfg = Release|Any CPU
		{C6159437-FCEE-4BF7-9B30-9C8A766DCA54}.Release|WindowsStore-ARM.ActiveCfg = Release|Any CPU
		{C6159437-FCEE-4BF7-9B30-9C8A766DCA54}.Release|WindowsStore-x64.ActiveCfg = Release|Any CPU
		{C6159437-FCEE-4BF7-9B30-9C8A766DCA54}.Release|WindowsStore-x86.ActiveCfg = Release|Any CPU
		{C6159437-FCEE-4BF7-9B30-9C8A766DCA54}.Testing|Android.ActiveCfg = Testing|Any CPU
		{C6159437-FCEE-4BF7-9B30-9C8A766DCA54}.Testing|Any CPU.ActiveCfg = Testing|Any CPU
		{C6159437-FCEE-4BF7-9B30-9C8A766DCA54}.Testing|Any CPU.Build.0 = Testing|Any CPU
		{C6159437-FCEE-4BF7-9B30-9C8A766DCA54}.Testing|Any CPU.Deploy.0 = Testing|Any CPU
		{C6159437-FCEE-4BF7-9B30-9C8A766DCA54}.Testing|iPhone.ActiveCfg = Testing|Any CPU
		{C6159437-FCEE-4BF7-9B30-9C8A766DCA54}.Testing|iPhoneSimulator.ActiveCfg = Testing|Any CPU
		{C6159437-FCEE-4BF7-9B30-9C8A766DCA54}.Testing|Mixed Platforms.ActiveCfg = Testing|Any CPU
		{C6159437-FCEE-4BF7-9B30-9C8A766DCA54}.Testing|Mixed Platforms.Build.0 = Testing|Any CPU
		{C6159437-FCEE-4BF7-9B30-9C8A766DCA54}.Testing|Mixed Platforms.Deploy.0 = Testing|Any CPU
		{C6159437-FCEE-4BF7-9B30-9C8A766DCA54}.Testing|Windows.ActiveCfg = Testing|Any CPU
		{C6159437-FCEE-4BF7-9B30-9C8A766DCA54}.Testing|Windows.Build.0 = Testing|Any CPU
		{C6159437-FCEE-4BF7-9B30-9C8A766DCA54}.Testing|Windows.Deploy.0 = Testing|Any CPU
		{C6159437-FCEE-4BF7-9B30-9C8A766DCA54}.Testing|WindowsPhone.ActiveCfg = Testing|Any CPU
		{C6159437-FCEE-4BF7-9B30-9C8A766DCA54}.Testing|WindowsStore.ActiveCfg = Testing|Any CPU
		{C6159437-FCEE-4BF7-9B30-9C8A766DCA54}.Testing|WindowsStore-ARM.ActiveCfg = Testing|Any CPU
		{C6159437-FCEE-4BF7-9B30-9C8A766DCA54}.Testing|WindowsStore-x64.ActiveCfg = Testing|Any CPU
		{C6159437-FCEE-4BF7-9B30-9C8A766DCA54}.Testing|WindowsStore-x86.ActiveCfg = Testing|Any CPU
		{DDF725A7-6BB1-453F-ADCF-95543E368DEC}.AppStore|Android.ActiveCfg = AppStore|Any CPU
		{DDF725A7-6BB1-453F-ADCF-95543E368DEC}.AppStore|Any CPU.ActiveCfg = AppStore|Any CPU
		{DDF725A7-6BB1-453F-ADCF-95543E368DEC}.AppStore|Any CPU.Build.0 = AppStore|Any CPU
		{DDF725A7-6BB1-453F-ADCF-95543E368DEC}.AppStore|iPhone.ActiveCfg = AppStore|Any CPU
		{DDF725A7-6BB1-453F-ADCF-95543E368DEC}.AppStore|iPhoneSimulator.ActiveCfg = AppStore|Any CPU
		{DDF725A7-6BB1-453F-ADCF-95543E368DEC}.AppStore|Mixed Platforms.ActiveCfg = AppStore|Any CPU
		{DDF725A7-6BB1-453F-ADCF-95543E368DEC}.AppStore|Mixed Platforms.Build.0 = AppStore|Any CPU
		{DDF725A7-6BB1-453F-ADCF-95543E368DEC}.AppStore|Windows.ActiveCfg = AppStore|Any CPU
		{DDF725A7-6BB1-453F-ADCF-95543E368DEC}.AppStore|Windows.Build.0 = AppStore|Any CPU
		{DDF725A7-6BB1-453F-ADCF-95543E368DEC}.AppStore|WindowsPhone.ActiveCfg = AppStore|Any CPU
		{DDF725A7-6BB1-453F-ADCF-95543E368DEC}.AppStore|WindowsStore.ActiveCfg = AppStore|WindowsStore
		{DDF725A7-6BB1-453F-ADCF-95543E368DEC}.AppStore|WindowsStore.Build.0 = AppStore|WindowsStore
		{DDF725A7-6BB1-453F-ADCF-95543E368DEC}.AppStore|WindowsStore-ARM.ActiveCfg = AppStore|WindowsStore
		{DDF725A7-6BB1-453F-ADCF-95543E368DEC}.AppStore|WindowsStore-ARM.Build.0 = AppStore|WindowsStore
		{DDF725A7-6BB1-453F-ADCF-95543E368DEC}.AppStore|WindowsStore-x64.ActiveCfg = AppStore|WindowsStore
		{DDF725A7-6BB1-453F-ADCF-95543E368DEC}.AppStore|WindowsStore-x64.Build.0 = AppStore|WindowsStore
		{DDF725A7-6BB1-453F-ADCF-95543E368DEC}.AppStore|WindowsStore-x86.ActiveCfg = AppStore|WindowsStore
		{DDF725A7-6BB1-453F-ADCF-95543E368DEC}.AppStore|WindowsStore-x86.Build.0 = AppStore|WindowsStore
		{DDF725A7-6BB1-453F-ADCF-95543E368DEC}.Debug|Android.ActiveCfg = Debug|Any CPU
		{DDF725A7-6BB1-453F-ADCF-95543E368DEC}.Debug|Any CPU.ActiveCfg = Debug|Any CPU
		{DDF725A7-6BB1-453F-ADCF-95543E368DEC}.Debug|Any CPU.Build.0 = Debug|Any CPU
		{DDF725A7-6BB1-453F-ADCF-95543E368DEC}.Debug|iPhone.ActiveCfg = Debug|Any CPU
		{DDF725A7-6BB1-453F-ADCF-95543E368DEC}.Debug|iPhoneSimulator.ActiveCfg = Debug|Any CPU
		{DDF725A7-6BB1-453F-ADCF-95543E368DEC}.Debug|Mixed Platforms.ActiveCfg = Debug|Any CPU
		{DDF725A7-6BB1-453F-ADCF-95543E368DEC}.Debug|Mixed Platforms.Build.0 = Debug|Any CPU
		{DDF725A7-6BB1-453F-ADCF-95543E368DEC}.Debug|Windows.ActiveCfg = Debug|Any CPU
		{DDF725A7-6BB1-453F-ADCF-95543E368DEC}.Debug|Windows.Build.0 = Debug|Any CPU
		{DDF725A7-6BB1-453F-ADCF-95543E368DEC}.Debug|WindowsPhone.ActiveCfg = Debug|Any CPU
		{DDF725A7-6BB1-453F-ADCF-95543E368DEC}.Debug|WindowsStore.ActiveCfg = Debug|WindowsStore
		{DDF725A7-6BB1-453F-ADCF-95543E368DEC}.Debug|WindowsStore.Build.0 = Debug|WindowsStore
		{DDF725A7-6BB1-453F-ADCF-95543E368DEC}.Debug|WindowsStore-ARM.ActiveCfg = Debug|WindowsStore
		{DDF725A7-6BB1-453F-ADCF-95543E368DEC}.Debug|WindowsStore-ARM.Build.0 = Debug|WindowsStore
		{DDF725A7-6BB1-453F-ADCF-95543E368DEC}.Debug|WindowsStore-x64.ActiveCfg = Debug|WindowsStore
		{DDF725A7-6BB1-453F-ADCF-95543E368DEC}.Debug|WindowsStore-x64.Build.0 = Debug|WindowsStore
		{DDF725A7-6BB1-453F-ADCF-95543E368DEC}.Debug|WindowsStore-x86.ActiveCfg = Debug|WindowsStore
		{DDF725A7-6BB1-453F-ADCF-95543E368DEC}.Debug|WindowsStore-x86.Build.0 = Debug|WindowsStore
		{DDF725A7-6BB1-453F-ADCF-95543E368DEC}.Release|Android.ActiveCfg = Release|Any CPU
		{DDF725A7-6BB1-453F-ADCF-95543E368DEC}.Release|Any CPU.ActiveCfg = Release|Any CPU
		{DDF725A7-6BB1-453F-ADCF-95543E368DEC}.Release|Any CPU.Build.0 = Release|Any CPU
		{DDF725A7-6BB1-453F-ADCF-95543E368DEC}.Release|iPhone.ActiveCfg = Release|Any CPU
		{DDF725A7-6BB1-453F-ADCF-95543E368DEC}.Release|iPhoneSimulator.ActiveCfg = Release|Any CPU
		{DDF725A7-6BB1-453F-ADCF-95543E368DEC}.Release|Mixed Platforms.ActiveCfg = Release|Any CPU
		{DDF725A7-6BB1-453F-ADCF-95543E368DEC}.Release|Mixed Platforms.Build.0 = Release|Any CPU
		{DDF725A7-6BB1-453F-ADCF-95543E368DEC}.Release|Windows.ActiveCfg = Release|Any CPU
		{DDF725A7-6BB1-453F-ADCF-95543E368DEC}.Release|Windows.Build.0 = Release|Any CPU
		{DDF725A7-6BB1-453F-ADCF-95543E368DEC}.Release|WindowsPhone.ActiveCfg = Release|Any CPU
		{DDF725A7-6BB1-453F-ADCF-95543E368DEC}.Release|WindowsStore.ActiveCfg = Release|WindowsStore
		{DDF725A7-6BB1-453F-ADCF-95543E368DEC}.Release|WindowsStore.Build.0 = Release|WindowsStore
		{DDF725A7-6BB1-453F-ADCF-95543E368DEC}.Release|WindowsStore-ARM.ActiveCfg = Release|WindowsStore
		{DDF725A7-6BB1-453F-ADCF-95543E368DEC}.Release|WindowsStore-ARM.Build.0 = Release|WindowsStore
		{DDF725A7-6BB1-453F-ADCF-95543E368DEC}.Release|WindowsStore-x64.ActiveCfg = Release|WindowsStore
		{DDF725A7-6BB1-453F-ADCF-95543E368DEC}.Release|WindowsStore-x64.Build.0 = Release|WindowsStore
		{DDF725A7-6BB1-453F-ADCF-95543E368DEC}.Release|WindowsStore-x86.ActiveCfg = Release|WindowsStore
		{DDF725A7-6BB1-453F-ADCF-95543E368DEC}.Release|WindowsStore-x86.Build.0 = Release|WindowsStore
		{DDF725A7-6BB1-453F-ADCF-95543E368DEC}.Testing|Android.ActiveCfg = Testing|Any CPU
		{DDF725A7-6BB1-453F-ADCF-95543E368DEC}.Testing|Any CPU.ActiveCfg = Testing|Any CPU
		{DDF725A7-6BB1-453F-ADCF-95543E368DEC}.Testing|Any CPU.Build.0 = Testing|Any CPU
		{DDF725A7-6BB1-453F-ADCF-95543E368DEC}.Testing|iPhone.ActiveCfg = Testing|Any CPU
		{DDF725A7-6BB1-453F-ADCF-95543E368DEC}.Testing|iPhoneSimulator.ActiveCfg = Testing|Any CPU
		{DDF725A7-6BB1-453F-ADCF-95543E368DEC}.Testing|Mixed Platforms.ActiveCfg = Testing|Any CPU
		{DDF725A7-6BB1-453F-ADCF-95543E368DEC}.Testing|Mixed Platforms.Build.0 = Testing|Any CPU
		{DDF725A7-6BB1-453F-ADCF-95543E368DEC}.Testing|Windows.ActiveCfg = Testing|Any CPU
		{DDF725A7-6BB1-453F-ADCF-95543E368DEC}.Testing|Windows.Build.0 = Testing|Any CPU
		{DDF725A7-6BB1-453F-ADCF-95543E368DEC}.Testing|WindowsPhone.ActiveCfg = Testing|Any CPU
		{DDF725A7-6BB1-453F-ADCF-95543E368DEC}.Testing|WindowsStore.ActiveCfg = Testing|WindowsStore
		{DDF725A7-6BB1-453F-ADCF-95543E368DEC}.Testing|WindowsStore.Build.0 = Testing|WindowsStore
		{DDF725A7-6BB1-453F-ADCF-95543E368DEC}.Testing|WindowsStore-ARM.ActiveCfg = Testing|WindowsStore
		{DDF725A7-6BB1-453F-ADCF-95543E368DEC}.Testing|WindowsStore-ARM.Build.0 = Testing|WindowsStore
		{DDF725A7-6BB1-453F-ADCF-95543E368DEC}.Testing|WindowsStore-x64.ActiveCfg = Testing|WindowsStore
		{DDF725A7-6BB1-453F-ADCF-95543E368DEC}.Testing|WindowsStore-x64.Build.0 = Testing|WindowsStore
		{DDF725A7-6BB1-453F-ADCF-95543E368DEC}.Testing|WindowsStore-x86.ActiveCfg = Testing|WindowsStore
		{DDF725A7-6BB1-453F-ADCF-95543E368DEC}.Testing|WindowsStore-x86.Build.0 = Testing|WindowsStore
		{A9F5F139-3DD2-4BA3-8FB9-60C9C1E300BD}.AppStore|Android.ActiveCfg = AppStore|Android
		{A9F5F139-3DD2-4BA3-8FB9-60C9C1E300BD}.AppStore|Android.Build.0 = AppStore|Android
		{A9F5F139-3DD2-4BA3-8FB9-60C9C1E300BD}.AppStore|Any CPU.ActiveCfg = AppStore|Any CPU
		{A9F5F139-3DD2-4BA3-8FB9-60C9C1E300BD}.AppStore|Any CPU.Build.0 = AppStore|Any CPU
		{A9F5F139-3DD2-4BA3-8FB9-60C9C1E300BD}.AppStore|iPhone.ActiveCfg = AppStore|iPhone
		{A9F5F139-3DD2-4BA3-8FB9-60C9C1E300BD}.AppStore|iPhone.Build.0 = AppStore|iPhone
		{A9F5F139-3DD2-4BA3-8FB9-60C9C1E300BD}.AppStore|iPhoneSimulator.ActiveCfg = AppStore|iPhoneSimulator
		{A9F5F139-3DD2-4BA3-8FB9-60C9C1E300BD}.AppStore|iPhoneSimulator.Build.0 = AppStore|iPhoneSimulator
		{A9F5F139-3DD2-4BA3-8FB9-60C9C1E300BD}.AppStore|Mixed Platforms.ActiveCfg = AppStore|Any CPU
		{A9F5F139-3DD2-4BA3-8FB9-60C9C1E300BD}.AppStore|Mixed Platforms.Build.0 = AppStore|Any CPU
		{A9F5F139-3DD2-4BA3-8FB9-60C9C1E300BD}.AppStore|Windows.ActiveCfg = AppStore|Any CPU
		{A9F5F139-3DD2-4BA3-8FB9-60C9C1E300BD}.AppStore|Windows.Build.0 = AppStore|Any CPU
		{A9F5F139-3DD2-4BA3-8FB9-60C9C1E300BD}.AppStore|WindowsPhone.ActiveCfg = AppStore|WindowsPhone
		{A9F5F139-3DD2-4BA3-8FB9-60C9C1E300BD}.AppStore|WindowsPhone.Build.0 = AppStore|WindowsPhone
		{A9F5F139-3DD2-4BA3-8FB9-60C9C1E300BD}.AppStore|WindowsStore.ActiveCfg = AppStore|WindowsStore
		{A9F5F139-3DD2-4BA3-8FB9-60C9C1E300BD}.AppStore|WindowsStore.Build.0 = AppStore|WindowsStore
		{A9F5F139-3DD2-4BA3-8FB9-60C9C1E300BD}.AppStore|WindowsStore-ARM.ActiveCfg = AppStore|WindowsStore
		{A9F5F139-3DD2-4BA3-8FB9-60C9C1E300BD}.AppStore|WindowsStore-ARM.Build.0 = AppStore|WindowsStore
		{A9F5F139-3DD2-4BA3-8FB9-60C9C1E300BD}.AppStore|WindowsStore-x64.ActiveCfg = AppStore|WindowsStore
		{A9F5F139-3DD2-4BA3-8FB9-60C9C1E300BD}.AppStore|WindowsStore-x64.Build.0 = AppStore|WindowsStore
		{A9F5F139-3DD2-4BA3-8FB9-60C9C1E300BD}.AppStore|WindowsStore-x86.ActiveCfg = AppStore|WindowsStore
		{A9F5F139-3DD2-4BA3-8FB9-60C9C1E300BD}.AppStore|WindowsStore-x86.Build.0 = AppStore|WindowsStore
		{A9F5F139-3DD2-4BA3-8FB9-60C9C1E300BD}.Debug|Android.ActiveCfg = Debug|Android
		{A9F5F139-3DD2-4BA3-8FB9-60C9C1E300BD}.Debug|Android.Build.0 = Debug|Android
		{A9F5F139-3DD2-4BA3-8FB9-60C9C1E300BD}.Debug|Any CPU.ActiveCfg = Debug|Any CPU
		{A9F5F139-3DD2-4BA3-8FB9-60C9C1E300BD}.Debug|Any CPU.Build.0 = Debug|Any CPU
		{A9F5F139-3DD2-4BA3-8FB9-60C9C1E300BD}.Debug|iPhone.ActiveCfg = Debug|iPhone
		{A9F5F139-3DD2-4BA3-8FB9-60C9C1E300BD}.Debug|iPhone.Build.0 = Debug|iPhone
		{A9F5F139-3DD2-4BA3-8FB9-60C9C1E300BD}.Debug|iPhoneSimulator.ActiveCfg = Debug|iPhoneSimulator
		{A9F5F139-3DD2-4BA3-8FB9-60C9C1E300BD}.Debug|iPhoneSimulator.Build.0 = Debug|iPhoneSimulator
		{A9F5F139-3DD2-4BA3-8FB9-60C9C1E300BD}.Debug|Mixed Platforms.ActiveCfg = Debug|Any CPU
		{A9F5F139-3DD2-4BA3-8FB9-60C9C1E300BD}.Debug|Mixed Platforms.Build.0 = Debug|Any CPU
		{A9F5F139-3DD2-4BA3-8FB9-60C9C1E300BD}.Debug|Windows.ActiveCfg = Debug|Any CPU
		{A9F5F139-3DD2-4BA3-8FB9-60C9C1E300BD}.Debug|Windows.Build.0 = Debug|Any CPU
		{A9F5F139-3DD2-4BA3-8FB9-60C9C1E300BD}.Debug|WindowsPhone.ActiveCfg = Debug|WindowsPhone
		{A9F5F139-3DD2-4BA3-8FB9-60C9C1E300BD}.Debug|WindowsPhone.Build.0 = Debug|WindowsPhone
		{A9F5F139-3DD2-4BA3-8FB9-60C9C1E300BD}.Debug|WindowsStore.ActiveCfg = Debug|WindowsStore
		{A9F5F139-3DD2-4BA3-8FB9-60C9C1E300BD}.Debug|WindowsStore.Build.0 = Debug|WindowsStore
		{A9F5F139-3DD2-4BA3-8FB9-60C9C1E300BD}.Debug|WindowsStore-ARM.ActiveCfg = Debug|WindowsStore
		{A9F5F139-3DD2-4BA3-8FB9-60C9C1E300BD}.Debug|WindowsStore-ARM.Build.0 = Debug|WindowsStore
		{A9F5F139-3DD2-4BA3-8FB9-60C9C1E300BD}.Debug|WindowsStore-x64.ActiveCfg = Debug|WindowsStore
		{A9F5F139-3DD2-4BA3-8FB9-60C9C1E300BD}.Debug|WindowsStore-x64.Build.0 = Debug|WindowsStore
		{A9F5F139-3DD2-4BA3-8FB9-60C9C1E300BD}.Debug|WindowsStore-x86.ActiveCfg = Debug|WindowsStore
		{A9F5F139-3DD2-4BA3-8FB9-60C9C1E300BD}.Debug|WindowsStore-x86.Build.0 = Debug|WindowsStore
		{A9F5F139-3DD2-4BA3-8FB9-60C9C1E300BD}.Release|Android.ActiveCfg = Release|Android
		{A9F5F139-3DD2-4BA3-8FB9-60C9C1E300BD}.Release|Android.Build.0 = Release|Android
		{A9F5F139-3DD2-4BA3-8FB9-60C9C1E300BD}.Release|Any CPU.ActiveCfg = Release|Any CPU
		{A9F5F139-3DD2-4BA3-8FB9-60C9C1E300BD}.Release|Any CPU.Build.0 = Release|Any CPU
		{A9F5F139-3DD2-4BA3-8FB9-60C9C1E300BD}.Release|iPhone.ActiveCfg = Release|iPhone
		{A9F5F139-3DD2-4BA3-8FB9-60C9C1E300BD}.Release|iPhone.Build.0 = Release|iPhone
		{A9F5F139-3DD2-4BA3-8FB9-60C9C1E300BD}.Release|iPhoneSimulator.ActiveCfg = Release|iPhoneSimulator
		{A9F5F139-3DD2-4BA3-8FB9-60C9C1E300BD}.Release|iPhoneSimulator.Build.0 = Release|iPhoneSimulator
		{A9F5F139-3DD2-4BA3-8FB9-60C9C1E300BD}.Release|Mixed Platforms.ActiveCfg = Release|Any CPU
		{A9F5F139-3DD2-4BA3-8FB9-60C9C1E300BD}.Release|Mixed Platforms.Build.0 = Release|Any CPU
		{A9F5F139-3DD2-4BA3-8FB9-60C9C1E300BD}.Release|Windows.ActiveCfg = Release|Any CPU
		{A9F5F139-3DD2-4BA3-8FB9-60C9C1E300BD}.Release|Windows.Build.0 = Release|Any CPU
		{A9F5F139-3DD2-4BA3-8FB9-60C9C1E300BD}.Release|WindowsPhone.ActiveCfg = Release|WindowsPhone
		{A9F5F139-3DD2-4BA3-8FB9-60C9C1E300BD}.Release|WindowsPhone.Build.0 = Release|WindowsPhone
		{A9F5F139-3DD2-4BA3-8FB9-60C9C1E300BD}.Release|WindowsStore.ActiveCfg = Release|WindowsStore
		{A9F5F139-3DD2-4BA3-8FB9-60C9C1E300BD}.Release|WindowsStore.Build.0 = Release|WindowsStore
		{A9F5F139-3DD2-4BA3-8FB9-60C9C1E300BD}.Release|WindowsStore-ARM.ActiveCfg = Release|WindowsStore
		{A9F5F139-3DD2-4BA3-8FB9-60C9C1E300BD}.Release|WindowsStore-ARM.Build.0 = Release|WindowsStore
		{A9F5F139-3DD2-4BA3-8FB9-60C9C1E300BD}.Release|WindowsStore-x64.ActiveCfg = Release|WindowsStore
		{A9F5F139-3DD2-4BA3-8FB9-60C9C1E300BD}.Release|WindowsStore-x64.Build.0 = Release|WindowsStore
		{A9F5F139-3DD2-4BA3-8FB9-60C9C1E300BD}.Release|WindowsStore-x86.ActiveCfg = Release|WindowsStore
		{A9F5F139-3DD2-4BA3-8FB9-60C9C1E300BD}.Release|WindowsStore-x86.Build.0 = Release|WindowsStore
		{A9F5F139-3DD2-4BA3-8FB9-60C9C1E300BD}.Testing|Android.ActiveCfg = Testing|Android
		{A9F5F139-3DD2-4BA3-8FB9-60C9C1E300BD}.Testing|Android.Build.0 = Testing|Android
		{A9F5F139-3DD2-4BA3-8FB9-60C9C1E300BD}.Testing|Any CPU.ActiveCfg = Testing|Any CPU
		{A9F5F139-3DD2-4BA3-8FB9-60C9C1E300BD}.Testing|Any CPU.Build.0 = Testing|Any CPU
		{A9F5F139-3DD2-4BA3-8FB9-60C9C1E300BD}.Testing|iPhone.ActiveCfg = Testing|iPhone
		{A9F5F139-3DD2-4BA3-8FB9-60C9C1E300BD}.Testing|iPhone.Build.0 = Testing|iPhone
		{A9F5F139-3DD2-4BA3-8FB9-60C9C1E300BD}.Testing|iPhoneSimulator.ActiveCfg = Testing|iPhoneSimulator
		{A9F5F139-3DD2-4BA3-8FB9-60C9C1E300BD}.Testing|iPhoneSimulator.Build.0 = Testing|iPhoneSimulator
		{A9F5F139-3DD2-4BA3-8FB9-60C9C1E300BD}.Testing|Mixed Platforms.ActiveCfg = Testing|Any CPU
		{A9F5F139-3DD2-4BA3-8FB9-60C9C1E300BD}.Testing|Mixed Platforms.Build.0 = Testing|Any CPU
		{A9F5F139-3DD2-4BA3-8FB9-60C9C1E300BD}.Testing|Windows.ActiveCfg = Testing|Any CPU
		{A9F5F139-3DD2-4BA3-8FB9-60C9C1E300BD}.Testing|Windows.Build.0 = Testing|Any CPU
		{A9F5F139-3DD2-4BA3-8FB9-60C9C1E300BD}.Testing|WindowsPhone.ActiveCfg = Testing|WindowsPhone
		{A9F5F139-3DD2-4BA3-8FB9-60C9C1E300BD}.Testing|WindowsPhone.Build.0 = Testing|WindowsPhone
		{A9F5F139-3DD2-4BA3-8FB9-60C9C1E300BD}.Testing|WindowsStore.ActiveCfg = Testing|WindowsStore
		{A9F5F139-3DD2-4BA3-8FB9-60C9C1E300BD}.Testing|WindowsStore.Build.0 = Testing|WindowsStore
		{A9F5F139-3DD2-4BA3-8FB9-60C9C1E300BD}.Testing|WindowsStore-ARM.ActiveCfg = Testing|WindowsStore
		{A9F5F139-3DD2-4BA3-8FB9-60C9C1E300BD}.Testing|WindowsStore-ARM.Build.0 = Testing|WindowsStore
		{A9F5F139-3DD2-4BA3-8FB9-60C9C1E300BD}.Testing|WindowsStore-x64.ActiveCfg = Testing|WindowsStore
		{A9F5F139-3DD2-4BA3-8FB9-60C9C1E300BD}.Testing|WindowsStore-x64.Build.0 = Testing|WindowsStore
		{A9F5F139-3DD2-4BA3-8FB9-60C9C1E300BD}.Testing|WindowsStore-x86.ActiveCfg = Testing|WindowsStore
		{A9F5F139-3DD2-4BA3-8FB9-60C9C1E300BD}.Testing|WindowsStore-x86.Build.0 = Testing|WindowsStore
		{8AFDC539-5AE3-4245-82E0-5A1238017138}.AppStore|Android.ActiveCfg = Debug|Any CPU
		{8AFDC539-5AE3-4245-82E0-5A1238017138}.AppStore|Any CPU.ActiveCfg = Release|Any CPU
		{8AFDC539-5AE3-4245-82E0-5A1238017138}.AppStore|Any CPU.Build.0 = Release|Any CPU
		{8AFDC539-5AE3-4245-82E0-5A1238017138}.AppStore|iPhone.ActiveCfg = Debug|Any CPU
		{8AFDC539-5AE3-4245-82E0-5A1238017138}.AppStore|iPhoneSimulator.ActiveCfg = Debug|Any CPU
		{8AFDC539-5AE3-4245-82E0-5A1238017138}.AppStore|Mixed Platforms.ActiveCfg = Release|Any CPU
		{8AFDC539-5AE3-4245-82E0-5A1238017138}.AppStore|Mixed Platforms.Build.0 = Release|Any CPU
		{8AFDC539-5AE3-4245-82E0-5A1238017138}.AppStore|Windows.ActiveCfg = Release|Any CPU
		{8AFDC539-5AE3-4245-82E0-5A1238017138}.AppStore|WindowsPhone.ActiveCfg = Debug|Any CPU
		{8AFDC539-5AE3-4245-82E0-5A1238017138}.AppStore|WindowsStore.ActiveCfg = Debug|Any CPU
		{8AFDC539-5AE3-4245-82E0-5A1238017138}.AppStore|WindowsStore-ARM.ActiveCfg = Debug|Any CPU
		{8AFDC539-5AE3-4245-82E0-5A1238017138}.AppStore|WindowsStore-x64.ActiveCfg = Debug|Any CPU
		{8AFDC539-5AE3-4245-82E0-5A1238017138}.AppStore|WindowsStore-x86.ActiveCfg = Debug|Any CPU
		{8AFDC539-5AE3-4245-82E0-5A1238017138}.Debug|Android.ActiveCfg = Debug|Any CPU
		{8AFDC539-5AE3-4245-82E0-5A1238017138}.Debug|Any CPU.ActiveCfg = Debug|Any CPU
		{8AFDC539-5AE3-4245-82E0-5A1238017138}.Debug|Any CPU.Build.0 = Debug|Any CPU
		{8AFDC539-5AE3-4245-82E0-5A1238017138}.Debug|iPhone.ActiveCfg = Debug|Any CPU
		{8AFDC539-5AE3-4245-82E0-5A1238017138}.Debug|iPhoneSimulator.ActiveCfg = Debug|Any CPU
		{8AFDC539-5AE3-4245-82E0-5A1238017138}.Debug|Mixed Platforms.ActiveCfg = Debug|Any CPU
		{8AFDC539-5AE3-4245-82E0-5A1238017138}.Debug|Mixed Platforms.Build.0 = Debug|Any CPU
		{8AFDC539-5AE3-4245-82E0-5A1238017138}.Debug|Windows.ActiveCfg = Debug|Any CPU
		{8AFDC539-5AE3-4245-82E0-5A1238017138}.Debug|WindowsPhone.ActiveCfg = Debug|Any CPU
		{8AFDC539-5AE3-4245-82E0-5A1238017138}.Debug|WindowsStore.ActiveCfg = Debug|Any CPU
		{8AFDC539-5AE3-4245-82E0-5A1238017138}.Debug|WindowsStore-ARM.ActiveCfg = Debug|Any CPU
		{8AFDC539-5AE3-4245-82E0-5A1238017138}.Debug|WindowsStore-x64.ActiveCfg = Debug|Any CPU
		{8AFDC539-5AE3-4245-82E0-5A1238017138}.Debug|WindowsStore-x86.ActiveCfg = Debug|Any CPU
		{8AFDC539-5AE3-4245-82E0-5A1238017138}.Release|Android.ActiveCfg = Release|Any CPU
		{8AFDC539-5AE3-4245-82E0-5A1238017138}.Release|Any CPU.ActiveCfg = Release|Any CPU
		{8AFDC539-5AE3-4245-82E0-5A1238017138}.Release|Any CPU.Build.0 = Release|Any CPU
		{8AFDC539-5AE3-4245-82E0-5A1238017138}.Release|iPhone.ActiveCfg = Release|Any CPU
		{8AFDC539-5AE3-4245-82E0-5A1238017138}.Release|iPhoneSimulator.ActiveCfg = Release|Any CPU
		{8AFDC539-5AE3-4245-82E0-5A1238017138}.Release|Mixed Platforms.ActiveCfg = Release|Any CPU
		{8AFDC539-5AE3-4245-82E0-5A1238017138}.Release|Mixed Platforms.Build.0 = Release|Any CPU
		{8AFDC539-5AE3-4245-82E0-5A1238017138}.Release|Windows.ActiveCfg = Release|Any CPU
		{8AFDC539-5AE3-4245-82E0-5A1238017138}.Release|WindowsPhone.ActiveCfg = Release|Any CPU
		{8AFDC539-5AE3-4245-82E0-5A1238017138}.Release|WindowsStore.ActiveCfg = Release|Any CPU
		{8AFDC539-5AE3-4245-82E0-5A1238017138}.Release|WindowsStore-ARM.ActiveCfg = Release|Any CPU
		{8AFDC539-5AE3-4245-82E0-5A1238017138}.Release|WindowsStore-x64.ActiveCfg = Release|Any CPU
		{8AFDC539-5AE3-4245-82E0-5A1238017138}.Release|WindowsStore-x86.ActiveCfg = Release|Any CPU
		{8AFDC539-5AE3-4245-82E0-5A1238017138}.Testing|Android.ActiveCfg = Debug|Any CPU
		{8AFDC539-5AE3-4245-82E0-5A1238017138}.Testing|Any CPU.ActiveCfg = Release|Any CPU
		{8AFDC539-5AE3-4245-82E0-5A1238017138}.Testing|Any CPU.Build.0 = Release|Any CPU
		{8AFDC539-5AE3-4245-82E0-5A1238017138}.Testing|iPhone.ActiveCfg = Debug|Any CPU
		{8AFDC539-5AE3-4245-82E0-5A1238017138}.Testing|iPhoneSimulator.ActiveCfg = Debug|Any CPU
		{8AFDC539-5AE3-4245-82E0-5A1238017138}.Testing|Mixed Platforms.ActiveCfg = Release|Any CPU
		{8AFDC539-5AE3-4245-82E0-5A1238017138}.Testing|Mixed Platforms.Build.0 = Release|Any CPU
		{8AFDC539-5AE3-4245-82E0-5A1238017138}.Testing|Windows.ActiveCfg = Release|Any CPU
		{8AFDC539-5AE3-4245-82E0-5A1238017138}.Testing|WindowsPhone.ActiveCfg = Debug|Any CPU
		{8AFDC539-5AE3-4245-82E0-5A1238017138}.Testing|WindowsStore.ActiveCfg = Debug|Any CPU
		{8AFDC539-5AE3-4245-82E0-5A1238017138}.Testing|WindowsStore-ARM.ActiveCfg = Debug|Any CPU
		{8AFDC539-5AE3-4245-82E0-5A1238017138}.Testing|WindowsStore-x64.ActiveCfg = Debug|Any CPU
		{8AFDC539-5AE3-4245-82E0-5A1238017138}.Testing|WindowsStore-x86.ActiveCfg = Debug|Any CPU
		{FD6255D0-61CF-4350-B453-8A37376EBCC1}.AppStore|Android.ActiveCfg = AppStore|Android
		{FD6255D0-61CF-4350-B453-8A37376EBCC1}.AppStore|Android.Build.0 = AppStore|Android
		{FD6255D0-61CF-4350-B453-8A37376EBCC1}.AppStore|Any CPU.ActiveCfg = AppStore|Any CPU
		{FD6255D0-61CF-4350-B453-8A37376EBCC1}.AppStore|Any CPU.Build.0 = AppStore|Any CPU
		{FD6255D0-61CF-4350-B453-8A37376EBCC1}.AppStore|iPhone.ActiveCfg = AppStore|iPhone
		{FD6255D0-61CF-4350-B453-8A37376EBCC1}.AppStore|iPhone.Build.0 = AppStore|iPhone
		{FD6255D0-61CF-4350-B453-8A37376EBCC1}.AppStore|iPhoneSimulator.ActiveCfg = AppStore|iPhoneSimulator
		{FD6255D0-61CF-4350-B453-8A37376EBCC1}.AppStore|iPhoneSimulator.Build.0 = AppStore|iPhoneSimulator
		{FD6255D0-61CF-4350-B453-8A37376EBCC1}.AppStore|Mixed Platforms.ActiveCfg = AppStore|Any CPU
		{FD6255D0-61CF-4350-B453-8A37376EBCC1}.AppStore|Mixed Platforms.Build.0 = AppStore|Any CPU
		{FD6255D0-61CF-4350-B453-8A37376EBCC1}.AppStore|Windows.ActiveCfg = AppStore|Any CPU
		{FD6255D0-61CF-4350-B453-8A37376EBCC1}.AppStore|Windows.Build.0 = AppStore|Any CPU
		{FD6255D0-61CF-4350-B453-8A37376EBCC1}.AppStore|WindowsPhone.ActiveCfg = AppStore|WindowsPhone
		{FD6255D0-61CF-4350-B453-8A37376EBCC1}.AppStore|WindowsPhone.Build.0 = AppStore|WindowsPhone
		{FD6255D0-61CF-4350-B453-8A37376EBCC1}.AppStore|WindowsStore.ActiveCfg = AppStore|WindowsStore
		{FD6255D0-61CF-4350-B453-8A37376EBCC1}.AppStore|WindowsStore.Build.0 = AppStore|WindowsStore
		{FD6255D0-61CF-4350-B453-8A37376EBCC1}.AppStore|WindowsStore-ARM.ActiveCfg = AppStore|WindowsStore
		{FD6255D0-61CF-4350-B453-8A37376EBCC1}.AppStore|WindowsStore-ARM.Build.0 = AppStore|WindowsStore
		{FD6255D0-61CF-4350-B453-8A37376EBCC1}.AppStore|WindowsStore-x64.ActiveCfg = AppStore|WindowsStore
		{FD6255D0-61CF-4350-B453-8A37376EBCC1}.AppStore|WindowsStore-x64.Build.0 = AppStore|WindowsStore
		{FD6255D0-61CF-4350-B453-8A37376EBCC1}.AppStore|WindowsStore-x86.ActiveCfg = AppStore|WindowsStore
		{FD6255D0-61CF-4350-B453-8A37376EBCC1}.AppStore|WindowsStore-x86.Build.0 = AppStore|WindowsStore
		{FD6255D0-61CF-4350-B453-8A37376EBCC1}.Debug|Android.ActiveCfg = Debug|Android
		{FD6255D0-61CF-4350-B453-8A37376EBCC1}.Debug|Android.Build.0 = Debug|Android
		{FD6255D0-61CF-4350-B453-8A37376EBCC1}.Debug|Any CPU.ActiveCfg = Debug|Any CPU
		{FD6255D0-61CF-4350-B453-8A37376EBCC1}.Debug|Any CPU.Build.0 = Debug|Any CPU
		{FD6255D0-61CF-4350-B453-8A37376EBCC1}.Debug|iPhone.ActiveCfg = Debug|iPhone
		{FD6255D0-61CF-4350-B453-8A37376EBCC1}.Debug|iPhone.Build.0 = Debug|iPhone
		{FD6255D0-61CF-4350-B453-8A37376EBCC1}.Debug|iPhoneSimulator.ActiveCfg = Debug|iPhoneSimulator
		{FD6255D0-61CF-4350-B453-8A37376EBCC1}.Debug|iPhoneSimulator.Build.0 = Debug|iPhoneSimulator
		{FD6255D0-61CF-4350-B453-8A37376EBCC1}.Debug|Mixed Platforms.ActiveCfg = Debug|Any CPU
		{FD6255D0-61CF-4350-B453-8A37376EBCC1}.Debug|Mixed Platforms.Build.0 = Debug|Any CPU
		{FD6255D0-61CF-4350-B453-8A37376EBCC1}.Debug|Windows.ActiveCfg = Debug|Any CPU
		{FD6255D0-61CF-4350-B453-8A37376EBCC1}.Debug|Windows.Build.0 = Debug|Any CPU
		{FD6255D0-61CF-4350-B453-8A37376EBCC1}.Debug|WindowsPhone.ActiveCfg = Debug|WindowsPhone
		{FD6255D0-61CF-4350-B453-8A37376EBCC1}.Debug|WindowsPhone.Build.0 = Debug|WindowsPhone
		{FD6255D0-61CF-4350-B453-8A37376EBCC1}.Debug|WindowsStore.ActiveCfg = Debug|WindowsStore
		{FD6255D0-61CF-4350-B453-8A37376EBCC1}.Debug|WindowsStore.Build.0 = Debug|WindowsStore
		{FD6255D0-61CF-4350-B453-8A37376EBCC1}.Debug|WindowsStore-ARM.ActiveCfg = Debug|WindowsStore
		{FD6255D0-61CF-4350-B453-8A37376EBCC1}.Debug|WindowsStore-ARM.Build.0 = Debug|WindowsStore
		{FD6255D0-61CF-4350-B453-8A37376EBCC1}.Debug|WindowsStore-x64.ActiveCfg = Debug|WindowsStore
		{FD6255D0-61CF-4350-B453-8A37376EBCC1}.Debug|WindowsStore-x64.Build.0 = Debug|WindowsStore
		{FD6255D0-61CF-4350-B453-8A37376EBCC1}.Debug|WindowsStore-x86.ActiveCfg = Debug|WindowsStore
		{FD6255D0-61CF-4350-B453-8A37376EBCC1}.Debug|WindowsStore-x86.Build.0 = Debug|WindowsStore
		{FD6255D0-61CF-4350-B453-8A37376EBCC1}.Release|Android.ActiveCfg = Release|Android
		{FD6255D0-61CF-4350-B453-8A37376EBCC1}.Release|Android.Build.0 = Release|Android
		{FD6255D0-61CF-4350-B453-8A37376EBCC1}.Release|Any CPU.ActiveCfg = Release|Any CPU
		{FD6255D0-61CF-4350-B453-8A37376EBCC1}.Release|Any CPU.Build.0 = Release|Any CPU
		{FD6255D0-61CF-4350-B453-8A37376EBCC1}.Release|iPhone.ActiveCfg = Release|iPhone
		{FD6255D0-61CF-4350-B453-8A37376EBCC1}.Release|iPhone.Build.0 = Release|iPhone
		{FD6255D0-61CF-4350-B453-8A37376EBCC1}.Release|iPhoneSimulator.ActiveCfg = Release|iPhoneSimulator
		{FD6255D0-61CF-4350-B453-8A37376EBCC1}.Release|iPhoneSimulator.Build.0 = Release|iPhoneSimulator
		{FD6255D0-61CF-4350-B453-8A37376EBCC1}.Release|Mixed Platforms.ActiveCfg = Release|Any CPU
		{FD6255D0-61CF-4350-B453-8A37376EBCC1}.Release|Mixed Platforms.Build.0 = Release|Any CPU
		{FD6255D0-61CF-4350-B453-8A37376EBCC1}.Release|Windows.ActiveCfg = Release|Any CPU
		{FD6255D0-61CF-4350-B453-8A37376EBCC1}.Release|Windows.Build.0 = Release|Any CPU
		{FD6255D0-61CF-4350-B453-8A37376EBCC1}.Release|WindowsPhone.ActiveCfg = Release|WindowsPhone
		{FD6255D0-61CF-4350-B453-8A37376EBCC1}.Release|WindowsPhone.Build.0 = Release|WindowsPhone
		{FD6255D0-61CF-4350-B453-8A37376EBCC1}.Release|WindowsStore.ActiveCfg = Release|WindowsStore
		{FD6255D0-61CF-4350-B453-8A37376EBCC1}.Release|WindowsStore.Build.0 = Release|WindowsStore
		{FD6255D0-61CF-4350-B453-8A37376EBCC1}.Release|WindowsStore-ARM.ActiveCfg = Release|WindowsStore
		{FD6255D0-61CF-4350-B453-8A37376EBCC1}.Release|WindowsStore-ARM.Build.0 = Release|WindowsStore
		{FD6255D0-61CF-4350-B453-8A37376EBCC1}.Release|WindowsStore-x64.ActiveCfg = Release|WindowsStore
		{FD6255D0-61CF-4350-B453-8A37376EBCC1}.Release|WindowsStore-x64.Build.0 = Release|WindowsStore
		{FD6255D0-61CF-4350-B453-8A37376EBCC1}.Release|WindowsStore-x86.ActiveCfg = Release|WindowsStore
		{FD6255D0-61CF-4350-B453-8A37376EBCC1}.Release|WindowsStore-x86.Build.0 = Release|WindowsStore
		{FD6255D0-61CF-4350-B453-8A37376EBCC1}.Testing|Android.ActiveCfg = Testing|Android
		{FD6255D0-61CF-4350-B453-8A37376EBCC1}.Testing|Android.Build.0 = Testing|Android
		{FD6255D0-61CF-4350-B453-8A37376EBCC1}.Testing|Any CPU.ActiveCfg = Testing|Any CPU
		{FD6255D0-61CF-4350-B453-8A37376EBCC1}.Testing|Any CPU.Build.0 = Testing|Any CPU
		{FD6255D0-61CF-4350-B453-8A37376EBCC1}.Testing|iPhone.ActiveCfg = Testing|iPhone
		{FD6255D0-61CF-4350-B453-8A37376EBCC1}.Testing|iPhone.Build.0 = Testing|iPhone
		{FD6255D0-61CF-4350-B453-8A37376EBCC1}.Testing|iPhoneSimulator.ActiveCfg = Testing|iPhoneSimulator
		{FD6255D0-61CF-4350-B453-8A37376EBCC1}.Testing|iPhoneSimulator.Build.0 = Testing|iPhoneSimulator
		{FD6255D0-61CF-4350-B453-8A37376EBCC1}.Testing|Mixed Platforms.ActiveCfg = Testing|Any CPU
		{FD6255D0-61CF-4350-B453-8A37376EBCC1}.Testing|Mixed Platforms.Build.0 = Testing|Any CPU
		{FD6255D0-61CF-4350-B453-8A37376EBCC1}.Testing|Windows.ActiveCfg = Testing|Any CPU
		{FD6255D0-61CF-4350-B453-8A37376EBCC1}.Testing|Windows.Build.0 = Testing|Any CPU
		{FD6255D0-61CF-4350-B453-8A37376EBCC1}.Testing|WindowsPhone.ActiveCfg = Testing|WindowsPhone
		{FD6255D0-61CF-4350-B453-8A37376EBCC1}.Testing|WindowsPhone.Build.0 = Testing|WindowsPhone
		{FD6255D0-61CF-4350-B453-8A37376EBCC1}.Testing|WindowsStore.ActiveCfg = Testing|WindowsStore
		{FD6255D0-61CF-4350-B453-8A37376EBCC1}.Testing|WindowsStore.Build.0 = Testing|WindowsStore
		{FD6255D0-61CF-4350-B453-8A37376EBCC1}.Testing|WindowsStore-ARM.ActiveCfg = Testing|WindowsStore
		{FD6255D0-61CF-4350-B453-8A37376EBCC1}.Testing|WindowsStore-ARM.Build.0 = Testing|WindowsStore
		{FD6255D0-61CF-4350-B453-8A37376EBCC1}.Testing|WindowsStore-x64.ActiveCfg = Testing|WindowsStore
		{FD6255D0-61CF-4350-B453-8A37376EBCC1}.Testing|WindowsStore-x64.Build.0 = Testing|WindowsStore
		{FD6255D0-61CF-4350-B453-8A37376EBCC1}.Testing|WindowsStore-x86.ActiveCfg = Testing|WindowsStore
		{FD6255D0-61CF-4350-B453-8A37376EBCC1}.Testing|WindowsStore-x86.Build.0 = Testing|WindowsStore
		{23CD737B-3720-4830-AE09-3752EE751F97}.AppStore|Android.ActiveCfg = AppStore|x86
		{23CD737B-3720-4830-AE09-3752EE751F97}.AppStore|Any CPU.ActiveCfg = AppStore|x86
		{23CD737B-3720-4830-AE09-3752EE751F97}.AppStore|iPhone.ActiveCfg = AppStore|x86
		{23CD737B-3720-4830-AE09-3752EE751F97}.AppStore|iPhoneSimulator.ActiveCfg = AppStore|x86
		{23CD737B-3720-4830-AE09-3752EE751F97}.AppStore|Mixed Platforms.ActiveCfg = AppStore|x86
		{23CD737B-3720-4830-AE09-3752EE751F97}.AppStore|Mixed Platforms.Build.0 = AppStore|x86
		{23CD737B-3720-4830-AE09-3752EE751F97}.AppStore|Mixed Platforms.Deploy.0 = AppStore|x86
		{23CD737B-3720-4830-AE09-3752EE751F97}.AppStore|Windows.ActiveCfg = AppStore|x86
		{23CD737B-3720-4830-AE09-3752EE751F97}.AppStore|WindowsPhone.ActiveCfg = AppStore|x86
		{23CD737B-3720-4830-AE09-3752EE751F97}.AppStore|WindowsStore.ActiveCfg = AppStore|x86
		{23CD737B-3720-4830-AE09-3752EE751F97}.AppStore|WindowsStore-ARM.ActiveCfg = AppStore|x86
		{23CD737B-3720-4830-AE09-3752EE751F97}.AppStore|WindowsStore-x64.ActiveCfg = AppStore|x86
		{23CD737B-3720-4830-AE09-3752EE751F97}.AppStore|WindowsStore-x86.ActiveCfg = AppStore|x86
		{23CD737B-3720-4830-AE09-3752EE751F97}.Debug|Android.ActiveCfg = Debug|x86
		{23CD737B-3720-4830-AE09-3752EE751F97}.Debug|Any CPU.ActiveCfg = Debug|x86
		{23CD737B-3720-4830-AE09-3752EE751F97}.Debug|iPhone.ActiveCfg = Debug|x86
		{23CD737B-3720-4830-AE09-3752EE751F97}.Debug|iPhoneSimulator.ActiveCfg = Debug|x86
		{23CD737B-3720-4830-AE09-3752EE751F97}.Debug|Mixed Platforms.ActiveCfg = Debug|x86
		{23CD737B-3720-4830-AE09-3752EE751F97}.Debug|Mixed Platforms.Build.0 = Debug|x86
		{23CD737B-3720-4830-AE09-3752EE751F97}.Debug|Mixed Platforms.Deploy.0 = Debug|x86
		{23CD737B-3720-4830-AE09-3752EE751F97}.Debug|Windows.ActiveCfg = Debug|x86
		{23CD737B-3720-4830-AE09-3752EE751F97}.Debug|WindowsPhone.ActiveCfg = Debug|x86
		{23CD737B-3720-4830-AE09-3752EE751F97}.Debug|WindowsStore.ActiveCfg = Debug|x86
		{23CD737B-3720-4830-AE09-3752EE751F97}.Debug|WindowsStore-ARM.ActiveCfg = Debug|x86
		{23CD737B-3720-4830-AE09-3752EE751F97}.Debug|WindowsStore-x64.ActiveCfg = Debug|x86
		{23CD737B-3720-4830-AE09-3752EE751F97}.Debug|WindowsStore-x86.ActiveCfg = Debug|x86
		{23CD737B-3720-4830-AE09-3752EE751F97}.Release|Android.ActiveCfg = Release|x86
		{23CD737B-3720-4830-AE09-3752EE751F97}.Release|Any CPU.ActiveCfg = Release|x86
		{23CD737B-3720-4830-AE09-3752EE751F97}.Release|iPhone.ActiveCfg = Release|x86
		{23CD737B-3720-4830-AE09-3752EE751F97}.Release|iPhoneSimulator.ActiveCfg = Release|x86
		{23CD737B-3720-4830-AE09-3752EE751F97}.Release|Mixed Platforms.ActiveCfg = Release|x86
		{23CD737B-3720-4830-AE09-3752EE751F97}.Release|Mixed Platforms.Build.0 = Release|x86
		{23CD737B-3720-4830-AE09-3752EE751F97}.Release|Mixed Platforms.Deploy.0 = Release|x86
		{23CD737B-3720-4830-AE09-3752EE751F97}.Release|Windows.ActiveCfg = Release|x86
		{23CD737B-3720-4830-AE09-3752EE751F97}.Release|WindowsPhone.ActiveCfg = Release|x86
		{23CD737B-3720-4830-AE09-3752EE751F97}.Release|WindowsStore.ActiveCfg = Release|x86
		{23CD737B-3720-4830-AE09-3752EE751F97}.Release|WindowsStore-ARM.ActiveCfg = Release|x86
		{23CD737B-3720-4830-AE09-3752EE751F97}.Release|WindowsStore-x64.ActiveCfg = Release|x86
		{23CD737B-3720-4830-AE09-3752EE751F97}.Release|WindowsStore-x86.ActiveCfg = Release|x86
		{23CD737B-3720-4830-AE09-3752EE751F97}.Testing|Android.ActiveCfg = Testing|x86
		{23CD737B-3720-4830-AE09-3752EE751F97}.Testing|Any CPU.ActiveCfg = Testing|x86
		{23CD737B-3720-4830-AE09-3752EE751F97}.Testing|iPhone.ActiveCfg = Testing|x86
		{23CD737B-3720-4830-AE09-3752EE751F97}.Testing|iPhoneSimulator.ActiveCfg = Testing|x86
		{23CD737B-3720-4830-AE09-3752EE751F97}.Testing|Mixed Platforms.ActiveCfg = Testing|x86
		{23CD737B-3720-4830-AE09-3752EE751F97}.Testing|Mixed Platforms.Build.0 = Testing|x86
		{23CD737B-3720-4830-AE09-3752EE751F97}.Testing|Mixed Platforms.Deploy.0 = Testing|x86
		{23CD737B-3720-4830-AE09-3752EE751F97}.Testing|Windows.ActiveCfg = Testing|x86
		{23CD737B-3720-4830-AE09-3752EE751F97}.Testing|WindowsPhone.ActiveCfg = Testing|x86
		{23CD737B-3720-4830-AE09-3752EE751F97}.Testing|WindowsStore.ActiveCfg = Testing|x86
		{23CD737B-3720-4830-AE09-3752EE751F97}.Testing|WindowsStore-ARM.ActiveCfg = Testing|x86
		{23CD737B-3720-4830-AE09-3752EE751F97}.Testing|WindowsStore-x64.ActiveCfg = Testing|x86
		{23CD737B-3720-4830-AE09-3752EE751F97}.Testing|WindowsStore-x86.ActiveCfg = Testing|x86
	EndGlobalSection
	GlobalSection(SolutionProperties) = preSolution
		HideSolutionNode = FALSE
	EndGlobalSection
	GlobalSection(NestedProjects) = preSolution
		{C6159437-FCEE-4BF7-9B30-9C8A766DCA54} = {6B6BA0E8-9F1E-4527-83AA-5909A0E75029}
		{DDF725A7-6BB1-453F-ADCF-95543E368DEC} = {6B6BA0E8-9F1E-4527-83AA-5909A0E75029}
		{A9F5F139-3DD2-4BA3-8FB9-60C9C1E300BD} = {FE8F27AB-FA5A-4571-959D-C534A68CA402}
		{6B6BA0E8-9F1E-4527-83AA-5909A0E75029} = {FE8F27AB-FA5A-4571-959D-C534A68CA402}
		{8AFDC539-5AE3-4245-82E0-5A1238017138} = {7A20110D-A74F-4190-9D3B-7CA3A6793C14}
		{7A20110D-A74F-4190-9D3B-7CA3A6793C14} = {FE8F27AB-FA5A-4571-959D-C534A68CA402}
		{FD6255D0-61CF-4350-B453-8A37376EBCC1} = {7A20110D-A74F-4190-9D3B-7CA3A6793C14}
		{23CD737B-3720-4830-AE09-3752EE751F97} = {6B6BA0E8-9F1E-4527-83AA-5909A0E75029}
	EndGlobalSection
EndGlobal
