
Microsoft Visual Studio Solution File, Format Version 12.00
# Visual Studio 2013
VisualStudioVersion = 12.0.30723.0
MinimumVisualStudioVersion = 10.0.40219.1
Project("{2150E333-8FDC-42A3-9474-1A3956D46DE8}") = "Paradox.Console", "Paradox.Console", "{3550DE09-E636-40BB-99A4-686854F40F6E}"
	ProjectSection(SiliconStudioPackage) = preProject
		Paradox.Console/Paradox.Console.pdxpkg = Paradox.Console/Paradox.Console.pdxpkg
	EndProjectSection
EndProject
Project("{FAE04EC0-301F-11D3-BF4B-00C04F79EFBC}") = "Varus.Paradox.Console", "Paradox.Console\Varus.Paradox.Console.csproj", "{F3976428-0767-4A28-8E92-15435AAE133C}"
EndProject
Project("{2150E333-8FDC-42A3-9474-1A3956D46DE8}") = "Paradox.Console.Testbed", "Paradox.Console.Testbed", "{42D2FEE0-59C4-40C6-B107-B899B2734305}"
	ProjectSection(SiliconStudioPackage) = preProject
		Paradox.Console.Testbed/Paradox.Console.Testbed.pdxpkg = Paradox.Console.Testbed/Paradox.Console.Testbed.pdxpkg
	EndProjectSection
EndProject
Project("{FAE04EC0-301F-11D3-BF4B-00C04F79EFBC}") = "Varus.Paradox.Console.Testbed.Windows", "Paradox.Console.Testbed\Paradox.Console.Testbed.Windows\Varus.Paradox.Console.Testbed.Windows.csproj", "{A598BC23-A8A5-487E-A14E-2EAF5984C3F0}"
EndProject
Project("{FAE04EC0-301F-11D3-BF4B-00C04F79EFBC}") = "Varus.Paradox.Console.Testbed.Game", "Paradox.Console.Testbed\Paradox.Console.Testbed.Game\Varus.Paradox.Console.Testbed.Game.csproj", "{92BB9C57-03DC-4607-A9AE-ACF7D0C3B81A}"
EndProject
Global
	GlobalSection(SolutionConfigurationPlatforms) = preSolution
		AppStore|Any CPU = AppStore|Any CPU
		AppStore|Mixed Platforms = AppStore|Mixed Platforms
		AppStore|Windows = AppStore|Windows
		Debug|Any CPU = Debug|Any CPU
		Debug|Mixed Platforms = Debug|Mixed Platforms
		Debug|Windows = Debug|Windows
		Release|Any CPU = Release|Any CPU
		Release|Mixed Platforms = Release|Mixed Platforms
		Release|Windows = Release|Windows
		Testing|Any CPU = Testing|Any CPU
		Testing|Mixed Platforms = Testing|Mixed Platforms
		Testing|Windows = Testing|Windows
	EndGlobalSection
	GlobalSection(ProjectConfigurationPlatforms) = postSolution
		{F3976428-0767-4A28-8E92-15435AAE133C}.AppStore|Any CPU.ActiveCfg = Release|Any CPU
		{F3976428-0767-4A28-8E92-15435AAE133C}.AppStore|Mixed Platforms.ActiveCfg = Release|Any CPU
		{F3976428-0767-4A28-8E92-15435AAE133C}.AppStore|Windows.ActiveCfg = Release|Any CPU
		{F3976428-0767-4A28-8E92-15435AAE133C}.Debug|Any CPU.ActiveCfg = Debug|Any CPU
		{F3976428-0767-4A28-8E92-15435AAE133C}.Debug|Any CPU.Build.0 = Debug|Any CPU
		{F3976428-0767-4A28-8E92-15435AAE133C}.Debug|Mixed Platforms.ActiveCfg = Debug|Any CPU
		{F3976428-0767-4A28-8E92-15435AAE133C}.Debug|Windows.ActiveCfg = Debug|Any CPU
		{F3976428-0767-4A28-8E92-15435AAE133C}.Release|Any CPU.ActiveCfg = Release|Any CPU
		{F3976428-0767-4A28-8E92-15435AAE133C}.Release|Any CPU.Build.0 = Release|Any CPU
		{F3976428-0767-4A28-8E92-15435AAE133C}.Release|Mixed Platforms.ActiveCfg = Release|Any CPU
		{F3976428-0767-4A28-8E92-15435AAE133C}.Release|Windows.ActiveCfg = Release|Any CPU
		{F3976428-0767-4A28-8E92-15435AAE133C}.Testing|Any CPU.ActiveCfg = Release|Any CPU
		{F3976428-0767-4A28-8E92-15435AAE133C}.Testing|Mixed Platforms.ActiveCfg = Release|Any CPU
		{F3976428-0767-4A28-8E92-15435AAE133C}.Testing|Windows.ActiveCfg = Release|Any CPU
		{A598BC23-A8A5-487E-A14E-2EAF5984C3F0}.AppStore|Any CPU.ActiveCfg = Release|Any CPU
		{A598BC23-A8A5-487E-A14E-2EAF5984C3F0}.AppStore|Any CPU.Build.0 = Release|Any CPU
		{A598BC23-A8A5-487E-A14E-2EAF5984C3F0}.AppStore|Mixed Platforms.ActiveCfg = Release|Any CPU
		{A598BC23-A8A5-487E-A14E-2EAF5984C3F0}.AppStore|Mixed Platforms.Build.0 = Release|Any CPU
		{A598BC23-A8A5-487E-A14E-2EAF5984C3F0}.AppStore|Windows.ActiveCfg = Release|Any CPU
		{A598BC23-A8A5-487E-A14E-2EAF5984C3F0}.Debug|Any CPU.ActiveCfg = Debug|Any CPU
		{A598BC23-A8A5-487E-A14E-2EAF5984C3F0}.Debug|Any CPU.Build.0 = Debug|Any CPU
		{A598BC23-A8A5-487E-A14E-2EAF5984C3F0}.Debug|Any CPU.Deploy.0 = Debug|Any CPU
		{A598BC23-A8A5-487E-A14E-2EAF5984C3F0}.Debug|Mixed Platforms.ActiveCfg = Debug|Any CPU
		{A598BC23-A8A5-487E-A14E-2EAF5984C3F0}.Debug|Mixed Platforms.Build.0 = Debug|Any CPU
		{A598BC23-A8A5-487E-A14E-2EAF5984C3F0}.Debug|Mixed Platforms.Deploy.0 = Debug|Any CPU
		{A598BC23-A8A5-487E-A14E-2EAF5984C3F0}.Debug|Windows.ActiveCfg = Debug|Any CPU
		{A598BC23-A8A5-487E-A14E-2EAF5984C3F0}.Debug|Windows.Build.0 = Debug|Any CPU
		{A598BC23-A8A5-487E-A14E-2EAF5984C3F0}.Debug|Windows.Deploy.0 = Debug|Any CPU
		{A598BC23-A8A5-487E-A14E-2EAF5984C3F0}.Release|Any CPU.ActiveCfg = Release|Any CPU
		{A598BC23-A8A5-487E-A14E-2EAF5984C3F0}.Release|Any CPU.Build.0 = Release|Any CPU
		{A598BC23-A8A5-487E-A14E-2EAF5984C3F0}.Release|Any CPU.Deploy.0 = Release|Any CPU
		{A598BC23-A8A5-487E-A14E-2EAF5984C3F0}.Release|Mixed Platforms.ActiveCfg = Release|Any CPU
		{A598BC23-A8A5-487E-A14E-2EAF5984C3F0}.Release|Mixed Platforms.Build.0 = Release|Any CPU
		{A598BC23-A8A5-487E-A14E-2EAF5984C3F0}.Release|Mixed Platforms.Deploy.0 = Release|Any CPU
		{A598BC23-A8A5-487E-A14E-2EAF5984C3F0}.Release|Windows.ActiveCfg = Release|Any CPU
		{A598BC23-A8A5-487E-A14E-2EAF5984C3F0}.Release|Windows.Build.0 = Release|Any CPU
		{A598BC23-A8A5-487E-A14E-2EAF5984C3F0}.Release|Windows.Deploy.0 = Release|Any CPU
		{A598BC23-A8A5-487E-A14E-2EAF5984C3F0}.Testing|Any CPU.ActiveCfg = Release|Any CPU
		{A598BC23-A8A5-487E-A14E-2EAF5984C3F0}.Testing|Any CPU.Build.0 = Release|Any CPU
		{A598BC23-A8A5-487E-A14E-2EAF5984C3F0}.Testing|Mixed Platforms.ActiveCfg = Release|Any CPU
		{A598BC23-A8A5-487E-A14E-2EAF5984C3F0}.Testing|Mixed Platforms.Build.0 = Release|Any CPU
		{A598BC23-A8A5-487E-A14E-2EAF5984C3F0}.Testing|Windows.ActiveCfg = Release|Any CPU
		{92BB9C57-03DC-4607-A9AE-ACF7D0C3B81A}.AppStore|Any CPU.ActiveCfg = Release|Any CPU
		{92BB9C57-03DC-4607-A9AE-ACF7D0C3B81A}.AppStore|Any CPU.Build.0 = Release|Any CPU
		{92BB9C57-03DC-4607-A9AE-ACF7D0C3B81A}.AppStore|Mixed Platforms.ActiveCfg = Release|Any CPU
		{92BB9C57-03DC-4607-A9AE-ACF7D0C3B81A}.AppStore|Mixed Platforms.Build.0 = Release|Any CPU
		{92BB9C57-03DC-4607-A9AE-ACF7D0C3B81A}.AppStore|Windows.ActiveCfg = Release|Any CPU
		{92BB9C57-03DC-4607-A9AE-ACF7D0C3B81A}.Debug|Any CPU.ActiveCfg = Debug|Any CPU
		{92BB9C57-03DC-4607-A9AE-ACF7D0C3B81A}.Debug|Any CPU.Build.0 = Debug|Any CPU
		{92BB9C57-03DC-4607-A9AE-ACF7D0C3B81A}.Debug|Mixed Platforms.ActiveCfg = Debug|Any CPU
		{92BB9C57-03DC-4607-A9AE-ACF7D0C3B81A}.Debug|Mixed Platforms.Build.0 = Debug|Any CPU
		{92BB9C57-03DC-4607-A9AE-ACF7D0C3B81A}.Debug|Windows.ActiveCfg = Debug|Any CPU
		{92BB9C57-03DC-4607-A9AE-ACF7D0C3B81A}.Debug|Windows.Build.0 = Debug|Any CPU
		{92BB9C57-03DC-4607-A9AE-ACF7D0C3B81A}.Release|Any CPU.ActiveCfg = Release|Any CPU
		{92BB9C57-03DC-4607-A9AE-ACF7D0C3B81A}.Release|Any CPU.Build.0 = Release|Any CPU
		{92BB9C57-03DC-4607-A9AE-ACF7D0C3B81A}.Release|Mixed Platforms.ActiveCfg = Release|Any CPU
		{92BB9C57-03DC-4607-A9AE-ACF7D0C3B81A}.Release|Mixed Platforms.Build.0 = Release|Any CPU
		{92BB9C57-03DC-4607-A9AE-ACF7D0C3B81A}.Release|Windows.ActiveCfg = Release|Any CPU
		{92BB9C57-03DC-4607-A9AE-ACF7D0C3B81A}.Release|Windows.Build.0 = Release|Any CPU
		{92BB9C57-03DC-4607-A9AE-ACF7D0C3B81A}.Testing|Any CPU.ActiveCfg = Release|Any CPU
		{92BB9C57-03DC-4607-A9AE-ACF7D0C3B81A}.Testing|Any CPU.Build.0 = Release|Any CPU
		{92BB9C57-03DC-4607-A9AE-ACF7D0C3B81A}.Testing|Mixed Platforms.ActiveCfg = Release|Any CPU
		{92BB9C57-03DC-4607-A9AE-ACF7D0C3B81A}.Testing|Mixed Platforms.Build.0 = Release|Any CPU
		{92BB9C57-03DC-4607-A9AE-ACF7D0C3B81A}.Testing|Windows.ActiveCfg = Release|Any CPU
	EndGlobalSection
	GlobalSection(SolutionProperties) = preSolution
		HideSolutionNode = FALSE
	EndGlobalSection
	GlobalSection(NestedProjects) = preSolution
		{F3976428-0767-4A28-8E92-15435AAE133C} = {3550DE09-E636-40BB-99A4-686854F40F6E}
		{A598BC23-A8A5-487E-A14E-2EAF5984C3F0} = {42D2FEE0-59C4-40C6-B107-B899B2734305}
		{92BB9C57-03DC-4607-A9AE-ACF7D0C3B81A} = {42D2FEE0-59C4-40C6-B107-B899B2734305}
	EndGlobalSection
EndGlobal
